
Microsoft Visual Studio Solution File, Format Version 12.00
# Visual Studio Version 17
VisualStudioVersion = 17.10.35027.167
MinimumVisualStudioVersion = 10.0.40219.1
Project("{FAE04EC0-301F-11D3-BF4B-00C04F79EFBC}") = "Examen-Mvvm", "Examen-Mvvm\Examen-Mvvm.csproj", "{06CDC0D4-60D0-4681-BBF7-DE15464BAFE3}"
EndProject
Global
	GlobalSection(SolutionConfigurationPlatforms) = preSolution
		Debug|Any CPU = Debug|Any CPU
		Release|Any CPU = Release|Any CPU
	EndGlobalSection
	GlobalSection(ProjectConfigurationPlatforms) = postSolution
		{06CDC0D4-60D0-4681-BBF7-DE15464BAFE3}.Debug|Any CPU.ActiveCfg = Debug|Any CPU
		{06CDC0D4-60D0-4681-BBF7-DE15464BAFE3}.Debug|Any CPU.Build.0 = Debug|Any CPU
		{06CDC0D4-60D0-4681-BBF7-DE15464BAFE3}.Debug|Any CPU.Deploy.0 = Debug|Any CPU
		{06CDC0D4-60D0-4681-BBF7-DE15464BAFE3}.Release|Any CPU.ActiveCfg = Release|Any CPU
		{06CDC0D4-60D0-4681-BBF7-DE15464BAFE3}.Release|Any CPU.Build.0 = Release|Any CPU
		{06CDC0D4-60D0-4681-BBF7-DE15464BAFE3}.Release|Any CPU.Deploy.0 = Release|Any CPU
	EndGlobalSection
	GlobalSection(SolutionProperties) = preSolution
		HideSolutionNode = FALSE
	EndGlobalSection
	GlobalSection(ExtensibilityGlobals) = postSolution
		SolutionGuid = {232B74AA-5ECF-49CD-A78A-E2F1453AF606}
	EndGlobalSection
EndGlobal
